// !$*UTF8*$!
{
	archiveVersion = 1;
	classes = {
	};
	objectVersion = 60;
	objects = {

/* Begin PBXBuildFile section */
		11433605F9DFB723A4275C36 /* LaunchFlowResolver.swift in Sources */ = {isa = PBXBuildFile; fileRef = D64F5473DD2CB12902167543 /* LaunchFlowResolver.swift */; };
		1958ECA6EAD5A8CBE7037736 /* Phrase.swift in Sources */ = {isa = PBXBuildFile; fileRef = AC99857FC212D031A4ABD753 /* Phrase.swift */; };
		1E9ED4CF1D2EB8C557971A01 /* LaunchScreen.storyboard in Resources */ = {isa = PBXBuildFile; fileRef = D5F66041D4C63F125CE55A46 /* LaunchScreen.storyboard */; };
		288A8D7E8EA0653B23480171 /* CalendarGateEvaluator.swift in Sources */ = {isa = PBXBuildFile; fileRef = E6BE7FA1A3808AF0CC9BDD50 /* CalendarGateEvaluator.swift */; };
		28E9C06458DA8F0139A15EFD /* BannerTravel.png in Resources */ = {isa = PBXBuildFile; fileRef = CE6A6671AF0132D6D24B9CA0 /* BannerTravel.png */; };
		2AF8052EC059953BDC12E456 /* DateFormatting.swift in Sources */ = {isa = PBXBuildFile; fileRef = 92629CECF1F1622010198169 /* DateFormatting.swift */; };
		32AE527B3065302981160C72 /* DecorBadge.png in Resources */ = {isa = PBXBuildFile; fileRef = DE69EE0BD610F70227B64ECD /* DecorBadge.png */; };
		4517E3F7F5DB9B819141800F /* RemoteEntryURLComposer.swift in Sources */ = {isa = PBXBuildFile; fileRef = 66B829E96F904EA27A3EA364 /* RemoteEntryURLComposer.swift */; };
		458AF8B6B7E148A4F35E8FA4 /* DestinationDetailView.swift in Sources */ = {isa = PBXBuildFile; fileRef = 523BB1BFF9251598E3E13B17 /* DestinationDetailView.swift */; };
		4D3EDB3377B40F0B2C6F6EEE /* EmptyArt.png in Resources */ = {isa = PBXBuildFile; fileRef = 49CAD9DB7E21F9858039BF20 /* EmptyArt.png */; };
		5056678F0129E6D1E34EF0D5 /* OnboardingView.swift in Sources */ = {isa = PBXBuildFile; fileRef = E3B5A04921E62DCD6CE778FB /* OnboardingView.swift */; };
		5E91084C53FB35269BA16B8D /* ContentView.swift in Sources */ = {isa = PBXBuildFile; fileRef = 755CE343F623A2F2BB7791F9 /* ContentView.swift */; };
		64C9F21911A3D32BBA9DC101 /* RootWindowPresenter.swift in Sources */ = {isa = PBXBuildFile; fileRef = 75C2B7ADFA40697163BCB782 /* RootWindowPresenter.swift */; };
		65F0433C7EF4900D53E7D346 /* RemoteEntryProbe.swift in Sources */ = {isa = PBXBuildFile; fileRef = A2D674AA124D62941F2421A3 /* RemoteEntryProbe.swift */; };
		75732E4FB10766FB6D008D31 /* FloatingActionButton.swift in Sources */ = {isa = PBXBuildFile; fileRef = 300DAF84C3A4621033C7EBDE /* FloatingActionButton.swift */; };
		81CCA8B5B03C70F0D92E5137 /* CardViews.swift in Sources */ = {isa = PBXBuildFile; fileRef = AE27E86B4B5C81EFC81F31BA /* CardViews.swift */; };
		84C2C140490ED42FD064E1D7 /* AddDestinationSheet.swift in Sources */ = {isa = PBXBuildFile; fileRef = AC6EA64859A9E14441BDA7C0 /* AddDestinationSheet.swift */; };
		85FBC66B43CD180140EC4672 /* HeroBackground.png in Resources */ = {isa = PBXBuildFile; fileRef = 5F4559900DFD2CB2AAC6184A /* HeroBackground.png */; };
		88A5E01D5CFCE9BF0C89BA7A /* AppDelegate.swift in Sources */ = {isa = PBXBuildFile; fileRef = A41C4B8BDE229ED459928F4C /* AppDelegate.swift */; };
		9E93B3847D059F25E85EE665 /* TravelBucketView.swift in Sources */ = {isa = PBXBuildFile; fileRef = 3F8A9FA88B46EFC3596A7B12 /* TravelBucketView.swift */; };
		9F8F5C72CB4B3B36A6554EB1 /* AchievementDefinition.swift in Sources */ = {isa = PBXBuildFile; fileRef = E5D936A3E8C01FC4A18BE80F /* AchievementDefinition.swift */; };
		A11B22C33D4E5F60718293A4 /* TripModels.swift in Sources */ = {isa = PBXBuildFile; fileRef = B22C33D44E5F60718293A4B5 /* TripModels.swift */; };
		A1B26E62040C085FD3119A4D /* PhraseTranslatorView.swift in Sources */ = {isa = PBXBuildFile; fileRef = F94752160DAA430C1786319E /* PhraseTranslatorView.swift */; };
		A33C44E55F60718293A4B5C6 /* ReminderService.swift in Sources */ = {isa = PBXBuildFile; fileRef = C44D55F660718293A4B5C6D7 /* ReminderService.swift */; };
		A55E66F7718293A4B5C6D7E8 /* TripPhotoStore.swift in Sources */ = {isa = PBXBuildFile; fileRef = D66F7708293A4B5C6D7E8F90 /* TripPhotoStore.swift */; };
		A8F3C21D9E4B7A1C6D0F8821 /* KeyboardDismiss.swift in Sources */ = {isa = PBXBuildFile; fileRef = B7E4A91C2F8D4E0A9C3B1567 /* KeyboardDismiss.swift */; };
		A99F002A4B5C6D7E8F9A0B12 /* RouletteSheet.swift in Sources */ = {isa = PBXBuildFile; fileRef = F9A1B2C3D4E5F60718293A40 /* RouletteSheet.swift */; };
		AE7F88193A4B5C6D7E8F9A01 /* PlainAmount.swift in Sources */ = {isa = PBXBuildFile; fileRef = E8809A1B4B5C6D7E8F9A0B10 /* PlainAmount.swift */; };
		B1843AC39567FF98C6E54AE0 /* ChecklistItem.swift in Sources */ = {isa = PBXBuildFile; fileRef = 63E6FA918650654A2A3AB3A7 /* ChecklistItem.swift */; };
		B3E04C773E8585874124D67B /* FeedbackHelper.swift in Sources */ = {isa = PBXBuildFile; fileRef = E502817A2FD84D535AEB3368 /* FeedbackHelper.swift */; };
		B9C4C48F214F8594FA517FA2 /* SettingsView.swift in Sources */ = {isa = PBXBuildFile; fileRef = 34396685744362F8BF9BAD7B /* SettingsView.swift */; };
		B9DF833FE94739F272A3D0CD /* LaunchFlowSecrets.swift in Sources */ = {isa = PBXBuildFile; fileRef = 743DB02BAAB126BDD483C425 /* LaunchFlowSecrets.swift */; };
		BD0A852DF7F77A85252CAB36 /* MainTabView.swift in Sources */ = {isa = PBXBuildFile; fileRef = DED149F60711AA792EA74652 /* MainTabView.swift */; };
		C7EDE5869A2C8B79F76C5B8F /* AppLink.swift in Sources */ = {isa = PBXBuildFile; fileRef = 241E863F0203E28C1DF57E56 /* AppLink.swift */; };
		C8745CDAE7A3D2FF71035388 /* SceneDelegate.swift in Sources */ = {isa = PBXBuildFile; fileRef = 6E38F46AF94D3A1B041A9B64 /* SceneDelegate.swift */; };
		CC1A9991E1B8E067A9438276 /* DeferredLaunchCanvas.swift in Sources */ = {isa = PBXBuildFile; fileRef = 40D9DC6D4911E43A27F5DFBD /* DeferredLaunchCanvas.swift */; };
		CD04D052930965579BC3CEDC /* AchievementBanner.swift in Sources */ = {isa = PBXBuildFile; fileRef = 17810010CAD668AC06D01D06 /* AchievementBanner.swift */; };
		CDABDB8FB039254C2FA43D9E /* Assets.xcassets in Resources */ = {isa = PBXBuildFile; fileRef = 3AF7C020841C3D6820BF2CC3 /* Assets.xcassets */; };
		D1BB1D07E26873707536F42F /* WebDocumentSurfaceView.swift in Sources */ = {isa = PBXBuildFile; fileRef = 55968F713758105A5D312FBD /* WebDocumentSurfaceView.swift */; };
		D89CC8601AE0A711A04A3307 /* StatsView.swift in Sources */ = {isa = PBXBuildFile; fileRef = E1732B08830E7F5AC33CDCCD /* StatsView.swift */; };
		DDC4694B8807A9D2F3E7D7B3 /* PackingOrganizerView.swift in Sources */ = {isa = PBXBuildFile; fileRef = 48C7DFC7CB4F31B9A485D311 /* PackingOrganizerView.swift */; };
		DE18CEA7362F1721595B5643 /* CustomTabBar.swift in Sources */ = {isa = PBXBuildFile; fileRef = F1B164A8603887149A0EC660 /* CustomTabBar.swift */; };
		DEB3E874D509DE4D439B6039 /* ScreenBackground.swift in Sources */ = {isa = PBXBuildFile; fileRef = 3D03F934FC75A41E5302690A /* ScreenBackground.swift */; };
		E3314E7C3E8ACF020494AB10 /* LaunchSessionStore.swift in Sources */ = {isa = PBXBuildFile; fileRef = D98E2374AD7CC5A66DB0B8B3 /* LaunchSessionStore.swift */; };
		EC09368D494149A30233C393 /* Destination.swift in Sources */ = {isa = PBXBuildFile; fileRef = 2B24723D0E57618F37349EBB /* Destination.swift */; };
		EE2ACDF33125D2BB2C69E271 /* AppDataStore.swift in Sources */ = {isa = PBXBuildFile; fileRef = 1997314AECBD84CE8587BBCD /* AppDataStore.swift */; };
		F57542903298604F1F873334 /* LaunchDestination.swift in Sources */ = {isa = PBXBuildFile; fileRef = A8D1E6B69FC681ADA65BFA80 /* LaunchDestination.swift */; };
		FE9B54B918246A4C09A1CFF0 /* AppTab.swift in Sources */ = {isa = PBXBuildFile; fileRef = CC04B458B46EFC788B6C040D /* AppTab.swift */; };
		FFB4CEC26A0FC79596D0AD25 /* LaunchStagingState.swift in Sources */ = {isa = PBXBuildFile; fileRef = DF6E6FB3D82D669EC8D94D8D /* LaunchStagingState.swift */; };
/* End PBXBuildFile section */

/* Begin PBXFileReference section */
		17810010CAD668AC06D01D06 /* AchievementBanner.swift */ = {isa = PBXFileReference; includeInIndex = 1; lastKnownFileType = sourcecode.swift; path = AchievementBanner.swift; sourceTree = "<group>"; };
		1997314AECBD84CE8587BBCD /* AppDataStore.swift */ = {isa = PBXFileReference; includeInIndex = 1; lastKnownFileType = sourcecode.swift; path = AppDataStore.swift; sourceTree = "<group>"; };
		241E863F0203E28C1DF57E56 /* AppLink.swift */ = {isa = PBXFileReference; includeInIndex = 1; lastKnownFileType = sourcecode.swift; path = AppLink.swift; sourceTree = "<group>"; };
		2B24723D0E57618F37349EBB /* Destination.swift */ = {isa = PBXFileReference; includeInIndex = 1; lastKnownFileType = sourcecode.swift; path = Destination.swift; sourceTree = "<group>"; };
		300DAF84C3A4621033C7EBDE /* FloatingActionButton.swift */ = {isa = PBXFileReference; includeInIndex = 1; lastKnownFileType = sourcecode.swift; path = FloatingActionButton.swift; sourceTree = "<group>"; };
		316FA33CA00AD2211220B416 /* 314WanderlinJourneyGuide.app */ = {isa = PBXFileReference; explicitFileType = wrapper.application; includeInIndex = 0; path = 314WanderlinJourneyGuide.app; sourceTree = BUILT_PRODUCTS_DIR; };
		34396685744362F8BF9BAD7B /* SettingsView.swift */ = {isa = PBXFileReference; includeInIndex = 1; lastKnownFileType = sourcecode.swift; path = SettingsView.swift; sourceTree = "<group>"; };
		3AF7C020841C3D6820BF2CC3 /* Assets.xcassets */ = {isa = PBXFileReference; includeInIndex = 1; lastKnownFileType = folder.assetcatalog; path = Assets.xcassets; sourceTree = "<group>"; };
		3D03F934FC75A41E5302690A /* ScreenBackground.swift */ = {isa = PBXFileReference; includeInIndex = 1; lastKnownFileType = sourcecode.swift; path = ScreenBackground.swift; sourceTree = "<group>"; };
		3F8A9FA88B46EFC3596A7B12 /* TravelBucketView.swift */ = {isa = PBXFileReference; includeInIndex = 1; lastKnownFileType = sourcecode.swift; path = TravelBucketView.swift; sourceTree = "<group>"; };
		40D9DC6D4911E43A27F5DFBD /* DeferredLaunchCanvas.swift */ = {isa = PBXFileReference; includeInIndex = 1; lastKnownFileType = sourcecode.swift; path = DeferredLaunchCanvas.swift; sourceTree = "<group>"; };
		48C7DFC7CB4F31B9A485D311 /* PackingOrganizerView.swift */ = {isa = PBXFileReference; includeInIndex = 1; lastKnownFileType = sourcecode.swift; path = PackingOrganizerView.swift; sourceTree = "<group>"; };
		49CAD9DB7E21F9858039BF20 /* EmptyArt.png */ = {isa = PBXFileReference; includeInIndex = 1; lastKnownFileType = image.png; path = EmptyArt.png; sourceTree = "<group>"; };
		523BB1BFF9251598E3E13B17 /* DestinationDetailView.swift */ = {isa = PBXFileReference; includeInIndex = 1; lastKnownFileType = sourcecode.swift; path = DestinationDetailView.swift; sourceTree = "<group>"; };
		55968F713758105A5D312FBD /* WebDocumentSurfaceView.swift */ = {isa = PBXFileReference; includeInIndex = 1; lastKnownFileType = sourcecode.swift; path = WebDocumentSurfaceView.swift; sourceTree = "<group>"; };
		5F4559900DFD2CB2AAC6184A /* HeroBackground.png */ = {isa = PBXFileReference; includeInIndex = 1; lastKnownFileType = image.png; path = HeroBackground.png; sourceTree = "<group>"; };
		63E6FA918650654A2A3AB3A7 /* ChecklistItem.swift */ = {isa = PBXFileReference; includeInIndex = 1; lastKnownFileType = sourcecode.swift; path = ChecklistItem.swift; sourceTree = "<group>"; };
		66B829E96F904EA27A3EA364 /* RemoteEntryURLComposer.swift */ = {isa = PBXFileReference; includeInIndex = 1; lastKnownFileType = sourcecode.swift; path = RemoteEntryURLComposer.swift; sourceTree = "<group>"; };
		6E38F46AF94D3A1B041A9B64 /* SceneDelegate.swift */ = {isa = PBXFileReference; includeInIndex = 1; lastKnownFileType = sourcecode.swift; path = SceneDelegate.swift; sourceTree = "<group>"; };
		743DB02BAAB126BDD483C425 /* LaunchFlowSecrets.swift */ = {isa = PBXFileReference; includeInIndex = 1; lastKnownFileType = sourcecode.swift; path = LaunchFlowSecrets.swift; sourceTree = "<group>"; };
		755CE343F623A2F2BB7791F9 /* ContentView.swift */ = {isa = PBXFileReference; includeInIndex = 1; lastKnownFileType = sourcecode.swift; path = ContentView.swift; sourceTree = "<group>"; };
		75C2B7ADFA40697163BCB782 /* RootWindowPresenter.swift */ = {isa = PBXFileReference; includeInIndex = 1; lastKnownFileType = sourcecode.swift; path = RootWindowPresenter.swift; sourceTree = "<group>"; };
		77A949FCD0A2C980FB6933EF /* Pods-314WanderlinJourneyGuide.debug.xcconfig */ = {isa = PBXFileReference; includeInIndex = 1; lastKnownFileType = text.xcconfig; name = "Pods-314WanderlinJourneyGuide.debug.xcconfig"; path = "Target Support Files/Pods-314WanderlinJourneyGuide/Pods-314WanderlinJourneyGuide.debug.xcconfig"; sourceTree = "<group>"; };
		92629CECF1F1622010198169 /* DateFormatting.swift */ = {isa = PBXFileReference; includeInIndex = 1; lastKnownFileType = sourcecode.swift; path = DateFormatting.swift; sourceTree = "<group>"; };
		A2D674AA124D62941F2421A3 /* RemoteEntryProbe.swift */ = {isa = PBXFileReference; includeInIndex = 1; lastKnownFileType = sourcecode.swift; path = RemoteEntryProbe.swift; sourceTree = "<group>"; };
		A41C4B8BDE229ED459928F4C /* AppDelegate.swift */ = {isa = PBXFileReference; includeInIndex = 1; lastKnownFileType = sourcecode.swift; path = AppDelegate.swift; sourceTree = "<group>"; };
		A8D1E6B69FC681ADA65BFA80 /* LaunchDestination.swift */ = {isa = PBXFileReference; includeInIndex = 1; lastKnownFileType = sourcecode.swift; path = LaunchDestination.swift; sourceTree = "<group>"; };
		AC6EA64859A9E14441BDA7C0 /* AddDestinationSheet.swift */ = {isa = PBXFileReference; includeInIndex = 1; lastKnownFileType = sourcecode.swift; path = AddDestinationSheet.swift; sourceTree = "<group>"; };
		AC99857FC212D031A4ABD753 /* Phrase.swift */ = {isa = PBXFileReference; includeInIndex = 1; lastKnownFileType = sourcecode.swift; path = Phrase.swift; sourceTree = "<group>"; };
		AE27E86B4B5C81EFC81F31BA /* CardViews.swift */ = {isa = PBXFileReference; includeInIndex = 1; lastKnownFileType = sourcecode.swift; path = CardViews.swift; sourceTree = "<group>"; };
		B1F10B1437E75E74B586D9FD /* Foundation.framework */ = {isa = PBXFileReference; lastKnownFileType = wrapper.framework; name = Foundation.framework; path = Platforms/iPhoneOS.platform/Developer/SDKs/iPhoneOS14.0.sdk/System/Library/Frameworks/Foundation.framework; sourceTree = DEVELOPER_DIR; };
		B22C33D44E5F60718293A4B5 /* TripModels.swift */ = {isa = PBXFileReference; includeInIndex = 1; lastKnownFileType = sourcecode.swift; path = TripModels.swift; sourceTree = "<group>"; };
		B7E4A91C2F8D4E0A9C3B1567 /* KeyboardDismiss.swift */ = {isa = PBXFileReference; includeInIndex = 1; lastKnownFileType = sourcecode.swift; path = KeyboardDismiss.swift; sourceTree = "<group>"; };
		C31A3479A371EFB3D0B636AC /* Info.plist */ = {isa = PBXFileReference; includeInIndex = 1; lastKnownFileType = text.plist.xml; path = Info.plist; sourceTree = "<group>"; };
		C44D55F660718293A4B5C6D7 /* ReminderService.swift */ = {isa = PBXFileReference; includeInIndex = 1; lastKnownFileType = sourcecode.swift; path = ReminderService.swift; sourceTree = "<group>"; };
		CC04B458B46EFC788B6C040D /* AppTab.swift */ = {isa = PBXFileReference; includeInIndex = 1; lastKnownFileType = sourcecode.swift; path = AppTab.swift; sourceTree = "<group>"; };
		CE6A6671AF0132D6D24B9CA0 /* BannerTravel.png */ = {isa = PBXFileReference; includeInIndex = 1; lastKnownFileType = image.png; path = BannerTravel.png; sourceTree = "<group>"; };
		D2D26798F39EECA228CE49EE /* Pods-314WanderlinJourneyGuide.release.xcconfig */ = {isa = PBXFileReference; includeInIndex = 1; lastKnownFileType = text.xcconfig; name = "Pods-314WanderlinJourneyGuide.release.xcconfig"; path = "Target Support Files/Pods-314WanderlinJourneyGuide/Pods-314WanderlinJourneyGuide.release.xcconfig"; sourceTree = "<group>"; };
		D5F66041D4C63F125CE55A46 /* LaunchScreen.storyboard */ = {isa = PBXFileReference; includeInIndex = 1; lastKnownFileType = file.storyboard; path = LaunchScreen.storyboard; sourceTree = "<group>"; };
		D64F5473DD2CB12902167543 /* LaunchFlowResolver.swift */ = {isa = PBXFileReference; includeInIndex = 1; lastKnownFileType = sourcecode.swift; path = LaunchFlowResolver.swift; sourceTree = "<group>"; };
		D66F7708293A4B5C6D7E8F90 /* TripPhotoStore.swift */ = {isa = PBXFileReference; includeInIndex = 1; lastKnownFileType = sourcecode.swift; path = TripPhotoStore.swift; sourceTree = "<group>"; };
		D98E2374AD7CC5A66DB0B8B3 /* LaunchSessionStore.swift */ = {isa = PBXFileReference; includeInIndex = 1; lastKnownFileType = sourcecode.swift; path = LaunchSessionStore.swift; sourceTree = "<group>"; };
		DE69EE0BD610F70227B64ECD /* DecorBadge.png */ = {isa = PBXFileReference; includeInIndex = 1; lastKnownFileType = image.png; path = DecorBadge.png; sourceTree = "<group>"; };
		DED149F60711AA792EA74652 /* MainTabView.swift */ = {isa = PBXFileReference; includeInIndex = 1; lastKnownFileType = sourcecode.swift; path = MainTabView.swift; sourceTree = "<group>"; };
		DF6E6FB3D82D669EC8D94D8D /* LaunchStagingState.swift */ = {isa = PBXFileReference; includeInIndex = 1; lastKnownFileType = sourcecode.swift; path = LaunchStagingState.swift; sourceTree = "<group>"; };
		E1732B08830E7F5AC33CDCCD /* StatsView.swift */ = {isa = PBXFileReference; includeInIndex = 1; lastKnownFileType = sourcecode.swift; path = StatsView.swift; sourceTree = "<group>"; };
		E3B5A04921E62DCD6CE778FB /* OnboardingView.swift */ = {isa = PBXFileReference; includeInIndex = 1; lastKnownFileType = sourcecode.swift; path = OnboardingView.swift; sourceTree = "<group>"; };
		E502817A2FD84D535AEB3368 /* FeedbackHelper.swift */ = {isa = PBXFileReference; includeInIndex = 1; lastKnownFileType = sourcecode.swift; path = FeedbackHelper.swift; sourceTree = "<group>"; };
		E5D936A3E8C01FC4A18BE80F /* AchievementDefinition.swift */ = {isa = PBXFileReference; includeInIndex = 1; lastKnownFileType = sourcecode.swift; path = AchievementDefinition.swift; sourceTree = "<group>"; };
		E6BE7FA1A3808AF0CC9BDD50 /* CalendarGateEvaluator.swift */ = {isa = PBXFileReference; includeInIndex = 1; lastKnownFileType = sourcecode.swift; path = CalendarGateEvaluator.swift; sourceTree = "<group>"; };
		E8809A1B4B5C6D7E8F9A0B10 /* PlainAmount.swift */ = {isa = PBXFileReference; includeInIndex = 1; lastKnownFileType = sourcecode.swift; path = PlainAmount.swift; sourceTree = "<group>"; };
		F1B164A8603887149A0EC660 /* CustomTabBar.swift */ = {isa = PBXFileReference; includeInIndex = 1; lastKnownFileType = sourcecode.swift; path = CustomTabBar.swift; sourceTree = "<group>"; };
		F94752160DAA430C1786319E /* PhraseTranslatorView.swift */ = {isa = PBXFileReference; includeInIndex = 1; lastKnownFileType = sourcecode.swift; path = PhraseTranslatorView.swift; sourceTree = "<group>"; };
		F9A1B2C3D4E5F60718293A40 /* RouletteSheet.swift */ = {isa = PBXFileReference; includeInIndex = 1; lastKnownFileType = sourcecode.swift; path = RouletteSheet.swift; sourceTree = "<group>"; };
/* End PBXFileReference section */

/* Begin PBXFrameworksBuildPhase section */
		C002132F66FCFCCB38206CEC /* Frameworks */ = {
			isa = PBXFrameworksBuildPhase;
			buildActionMask = 2147483647;
			files = (
			);
			runOnlyForDeploymentPostprocessing = 0;
		};
/* End PBXFrameworksBuildPhase section */

/* Begin PBXGroup section */
		0C8759A242F44B7A48EE8933 /* Base.lproj */ = {
			isa = PBXGroup;
			children = (
				D5F66041D4C63F125CE55A46 /* LaunchScreen.storyboard */,
			);
			path = Base.lproj;
			sourceTree = "<group>";
		};
		145FF2C7FFC1D25115184EA1 /* BannerTravel.imageset */ = {
			isa = PBXGroup;
			children = (
				CE6A6671AF0132D6D24B9CA0 /* BannerTravel.png */,
			);
			path = BannerTravel.imageset;
			sourceTree = "<group>";
		};
		22175E158A87FDBD18460D8E /* App */ = {
			isa = PBXGroup;
			children = (
				A41C4B8BDE229ED459928F4C /* AppDelegate.swift */,
				6E38F46AF94D3A1B041A9B64 /* SceneDelegate.swift */,
				E1EC971F6D060CFB1387E023 /* LaunchFlow */,
			);
			path = App;
			sourceTree = "<group>";
		};
		2BCCBD4DA01C9F99F454F325 /* Onboarding */ = {
			isa = PBXGroup;
			children = (
				E3B5A04921E62DCD6CE778FB /* OnboardingView.swift */,
			);
			path = Onboarding;
			sourceTree = "<group>";
		};
		3AD3974A3D4B72D0590977C2 /* Models */ = {
			isa = PBXGroup;
			children = (
				E5D936A3E8C01FC4A18BE80F /* AchievementDefinition.swift */,
				CC04B458B46EFC788B6C040D /* AppTab.swift */,
				63E6FA918650654A2A3AB3A7 /* ChecklistItem.swift */,
				2B24723D0E57618F37349EBB /* Destination.swift */,
				AC99857FC212D031A4ABD753 /* Phrase.swift */,
				B22C33D44E5F60718293A4B5 /* TripModels.swift */,
			);
			path = Models;
			sourceTree = "<group>";
		};
		53FB308FFEB0994A17762EFE /* Settings */ = {
			isa = PBXGroup;
			children = (
				34396685744362F8BF9BAD7B /* SettingsView.swift */,
			);
			path = Settings;
			sourceTree = "<group>";
		};
		5F270D13D4DB2492EFE2C57B /* Pods */ = {
			isa = PBXGroup;
			children = (
				D2D26798F39EECA228CE49EE /* Pods-314WanderlinJourneyGuide.release.xcconfig */,
				77A949FCD0A2C980FB6933EF /* Pods-314WanderlinJourneyGuide.debug.xcconfig */,
			);
			path = Pods;
			sourceTree = "<group>";
		};
		728FA1EC47C9FB9B352BD631 /* Components */ = {
			isa = PBXGroup;
			children = (
				17810010CAD668AC06D01D06 /* AchievementBanner.swift */,
				AE27E86B4B5C81EFC81F31BA /* CardViews.swift */,
				F1B164A8603887149A0EC660 /* CustomTabBar.swift */,
				300DAF84C3A4621033C7EBDE /* FloatingActionButton.swift */,
				3D03F934FC75A41E5302690A /* ScreenBackground.swift */,
			);
			path = Components;
			sourceTree = "<group>";
		};
		7E803133743029AEAA140BD7 /* HeroBackground.imageset */ = {
			isa = PBXGroup;
			children = (
				5F4559900DFD2CB2AAC6184A /* HeroBackground.png */,
			);
			path = HeroBackground.imageset;
			sourceTree = "<group>";
		};
		808D1FCBA8636876548F2581 /* Assets.xcassets */ = {
			isa = PBXGroup;
			children = (
				145FF2C7FFC1D25115184EA1 /* BannerTravel.imageset */,
				93353E795DA866846604C5EB /* DecorBadge.imageset */,
				B42A4AE02D0D1AA0FA937CA0 /* EmptyArt.imageset */,
				7E803133743029AEAA140BD7 /* HeroBackground.imageset */,
			);
			path = Assets.xcassets;
			sourceTree = "<group>";
		};
		8A26C49522595A9490EE87AB /* Frameworks */ = {
			isa = PBXGroup;
			children = (
				BE0D91DABF98F164C9331019 /* iOS */,
			);
			name = Frameworks;
			sourceTree = "<group>";
		};
		93353E795DA866846604C5EB /* DecorBadge.imageset */ = {
			isa = PBXGroup;
			children = (
				DE69EE0BD610F70227B64ECD /* DecorBadge.png */,
			);
			path = DecorBadge.imageset;
			sourceTree = "<group>";
		};
		9E3319489E049F7C401A96B0 /* Stats */ = {
			isa = PBXGroup;
			children = (
				E1732B08830E7F5AC33CDCCD /* StatsView.swift */,
			);
			path = Stats;
			sourceTree = "<group>";
		};
		B42A4AE02D0D1AA0FA937CA0 /* EmptyArt.imageset */ = {
			isa = PBXGroup;
			children = (
				49CAD9DB7E21F9858039BF20 /* EmptyArt.png */,
			);
			path = EmptyArt.imageset;
			sourceTree = "<group>";
		};
		B459F5410A4F33317F00142E /* Services */ = {
			isa = PBXGroup;
			children = (
				1997314AECBD84CE8587BBCD /* AppDataStore.swift */,
				C44D55F660718293A4B5C6D7 /* ReminderService.swift */,
				D66F7708293A4B5C6D7E8F90 /* TripPhotoStore.swift */,
			);
			path = Services;
			sourceTree = "<group>";
		};
		BE0D91DABF98F164C9331019 /* iOS */ = {
			isa = PBXGroup;
			children = (
				B1F10B1437E75E74B586D9FD /* Foundation.framework */,
			);
			name = iOS;
			sourceTree = "<group>";
		};
		DF94D4DF653804163C701566 /* Utilities */ = {
			isa = PBXGroup;
			children = (
				241E863F0203E28C1DF57E56 /* AppLink.swift */,
				92629CECF1F1622010198169 /* DateFormatting.swift */,
				E502817A2FD84D535AEB3368 /* FeedbackHelper.swift */,
				B7E4A91C2F8D4E0A9C3B1567 /* KeyboardDismiss.swift */,
				E8809A1B4B5C6D7E8F9A0B10 /* PlainAmount.swift */,
			);
			path = Utilities;
			sourceTree = "<group>";
		};
		E05E35D40E11A5B33661B8D5 /* Products */ = {
			isa = PBXGroup;
			children = (
				316FA33CA00AD2211220B416 /* 314WanderlinJourneyGuide.app */,
			);
			name = Products;
			sourceTree = "<group>";
		};
		E1EC971F6D060CFB1387E023 /* LaunchFlow */ = {
			isa = PBXGroup;
			children = (
				E6BE7FA1A3808AF0CC9BDD50 /* CalendarGateEvaluator.swift */,
				40D9DC6D4911E43A27F5DFBD /* DeferredLaunchCanvas.swift */,
				A8D1E6B69FC681ADA65BFA80 /* LaunchDestination.swift */,
				D64F5473DD2CB12902167543 /* LaunchFlowResolver.swift */,
				743DB02BAAB126BDD483C425 /* LaunchFlowSecrets.swift */,
				D98E2374AD7CC5A66DB0B8B3 /* LaunchSessionStore.swift */,
				DF6E6FB3D82D669EC8D94D8D /* LaunchStagingState.swift */,
				A2D674AA124D62941F2421A3 /* RemoteEntryProbe.swift */,
				66B829E96F904EA27A3EA364 /* RemoteEntryURLComposer.swift */,
				75C2B7ADFA40697163BCB782 /* RootWindowPresenter.swift */,
				55968F713758105A5D312FBD /* WebDocumentSurfaceView.swift */,
			);
			name = LaunchFlow;
			path = LaunchFlow;
			sourceTree = "<group>";
		};
		E90CCB4856336403AED8E37C = {
			isa = PBXGroup;
			children = (
				E05E35D40E11A5B33661B8D5 /* Products */,
				8A26C49522595A9490EE87AB /* Frameworks */,
				ED2599D42BA22CC9F741CDE1 /* 314WanderlinJourneyGuide */,
				5F270D13D4DB2492EFE2C57B /* Pods */,
			);
			sourceTree = "<group>";
		};
		ED2599D42BA22CC9F741CDE1 /* 314WanderlinJourneyGuide */ = {
			isa = PBXGroup;
			children = (
				22175E158A87FDBD18460D8E /* App */,
				728FA1EC47C9FB9B352BD631 /* Components */,
				3AD3974A3D4B72D0590977C2 /* Models */,
				B459F5410A4F33317F00142E /* Services */,
				DF94D4DF653804163C701566 /* Utilities */,
				F5A554CCD62B5A2922A08F8B /* Views */,
				C31A3479A371EFB3D0B636AC /* Info.plist */,
				3AF7C020841C3D6820BF2CC3 /* Assets.xcassets */,
				0C8759A242F44B7A48EE8933 /* Base.lproj */,
				808D1FCBA8636876548F2581 /* Assets.xcassets */,
			);
			path = 314WanderlinJourneyGuide;
			sourceTree = "<group>";
		};
		F5A554CCD62B5A2922A08F8B /* Views */ = {
			isa = PBXGroup;
			children = (
				755CE343F623A2F2BB7791F9 /* ContentView.swift */,
				F86BA61A2BA9105A86B039B8 /* Features */,
				DED149F60711AA792EA74652 /* MainTabView.swift */,
				2BCCBD4DA01C9F99F454F325 /* Onboarding */,
				53FB308FFEB0994A17762EFE /* Settings */,
				9E3319489E049F7C401A96B0 /* Stats */,
			);
			path = Views;
			sourceTree = "<group>";
		};
		F86BA61A2BA9105A86B039B8 /* Features */ = {
			isa = PBXGroup;
			children = (
				AC6EA64859A9E14441BDA7C0 /* AddDestinationSheet.swift */,
				523BB1BFF9251598E3E13B17 /* DestinationDetailView.swift */,
				48C7DFC7CB4F31B9A485D311 /* PackingOrganizerView.swift */,
				F94752160DAA430C1786319E /* PhraseTranslatorView.swift */,
				F9A1B2C3D4E5F60718293A40 /* RouletteSheet.swift */,
				3F8A9FA88B46EFC3596A7B12 /* TravelBucketView.swift */,
			);
			path = Features;
			sourceTree = "<group>";
		};
/* End PBXGroup section */

/* Begin PBXNativeTarget section */
		5870EDD6188D63E1BFF4785A /* 314WanderlinJourneyGuide */ = {
			isa = PBXNativeTarget;
			buildConfigurationList = A164F51710A496221E7BDDCD /* Build configuration list for PBXNativeTarget "314WanderlinJourneyGuide" */;
			buildPhases = (
				261F31474E87C6CC7CB556E9 /* [CP] Check Pods Manifest.lock */,
				AB532EF0EB6013EA33096AFB /* Sources */,
				C002132F66FCFCCB38206CEC /* Frameworks */,
				BD46F69514ECD85FD0C0B59D /* Resources */,
			);
			buildRules = (
			);
			dependencies = (
			);
			name = 314WanderlinJourneyGuide;
			productName = 314WanderlinJourneyGuide;
			productReference = 316FA33CA00AD2211220B416 /* 314WanderlinJourneyGuide.app */;
			productType = "com.apple.product-type.application";
		};
/* End PBXNativeTarget section */

/* Begin PBXProject section */
		F4662A766134B26D309EE5A1 /* Project object */ = {
			isa = PBXProject;
			attributes = {
				BuildIndependentTargetsInParallel = YES;
				LastSwiftUpdateCheck = 1500;
				LastUpgradeCheck = 2620;
			};
			buildConfigurationList = 04D71ABFFB1E00ED106418AE /* Build configuration list for PBXProject "314WanderlinJourneyGuide" */;
			compatibilityVersion = "Xcode 15.0";
			developmentRegion = en;
			hasScannedForEncodings = 0;
			knownRegions = (
				en,
				Base,
			);
			mainGroup = E90CCB4856336403AED8E37C;
			productRefGroup = E05E35D40E11A5B33661B8D5 /* Products */;
			projectDirPath = "";
			projectRoot = "";
			targets = (
				5870EDD6188D63E1BFF4785A /* 314WanderlinJourneyGuide */,
			);
		};
/* End PBXProject section */

/* Begin PBXResourcesBuildPhase section */
		BD46F69514ECD85FD0C0B59D /* Resources */ = {
			isa = PBXResourcesBuildPhase;
			buildActionMask = 2147483647;
			files = (
				CDABDB8FB039254C2FA43D9E /* Assets.xcassets in Resources */,
				1E9ED4CF1D2EB8C557971A01 /* LaunchScreen.storyboard in Resources */,
				28E9C06458DA8F0139A15EFD /* BannerTravel.png in Resources */,
				32AE527B3065302981160C72 /* DecorBadge.png in Resources */,
				4D3EDB3377B40F0B2C6F6EEE /* EmptyArt.png in Resources */,
				85FBC66B43CD180140EC4672 /* HeroBackground.png in Resources */,
			);
			runOnlyForDeploymentPostprocessing = 0;
		};
/* End PBXResourcesBuildPhase section */

/* Begin PBXShellScriptBuildPhase section */
		261F31474E87C6CC7CB556E9 /* [CP] Check Pods Manifest.lock */ = {
			isa = PBXShellScriptBuildPhase;
			buildActionMask = 2147483647;
			files = (
			);
			inputFileListPaths = (
			);
			inputPaths = (
				"${PODS_PODFILE_DIR_PATH}/Podfile.lock",
				"${PODS_ROOT}/Manifest.lock",
			);
			name = "[CP] Check Pods Manifest.lock";
			outputFileListPaths = (
			);
			outputPaths = (
				"$(DERIVED_FILE_DIR)/Pods-314WanderlinJourneyGuide-checkManifestLockResult.txt",
			);
			runOnlyForDeploymentPostprocessing = 0;
			shellPath = /bin/sh;
			shellScript = "diff \"${PODS_PODFILE_DIR_PATH}/Podfile.lock\" \"${PODS_ROOT}/Manifest.lock\" > /dev/null\nif [ $? != 0 ] ; then\n    # print error to STDERR\n    echo \"error: The sandbox is not in sync with the Podfile.lock. Run 'pod install' or update your CocoaPods installation.\" >&2\n    exit 1\nfi\n# This output is used by Xcode 'outputs' to avoid re-running this script phase.\necho \"SUCCESS\" > \"${SCRIPT_OUTPUT_FILE_0}\"\n";
			showEnvVarsInLog = 0;
		};
/* End PBXShellScriptBuildPhase section */

/* Begin PBXSourcesBuildPhase section */
		AB532EF0EB6013EA33096AFB /* Sources */ = {
			isa = PBXSourcesBuildPhase;
			buildActionMask = 2147483647;
			files = (
				88A5E01D5CFCE9BF0C89BA7A /* AppDelegate.swift in Sources */,
				C8745CDAE7A3D2FF71035388 /* SceneDelegate.swift in Sources */,
				CD04D052930965579BC3CEDC /* AchievementBanner.swift in Sources */,
				81CCA8B5B03C70F0D92E5137 /* CardViews.swift in Sources */,
				DE18CEA7362F1721595B5643 /* CustomTabBar.swift in Sources */,
				75732E4FB10766FB6D008D31 /* FloatingActionButton.swift in Sources */,
				DEB3E874D509DE4D439B6039 /* ScreenBackground.swift in Sources */,
				9F8F5C72CB4B3B36A6554EB1 /* AchievementDefinition.swift in Sources */,
				FE9B54B918246A4C09A1CFF0 /* AppTab.swift in Sources */,
				B1843AC39567FF98C6E54AE0 /* ChecklistItem.swift in Sources */,
				EC09368D494149A30233C393 /* Destination.swift in Sources */,
				A11B22C33D4E5F60718293A4 /* TripModels.swift in Sources */,
				1958ECA6EAD5A8CBE7037736 /* Phrase.swift in Sources */,
				EE2ACDF33125D2BB2C69E271 /* AppDataStore.swift in Sources */,
				A33C44E55F60718293A4B5C6 /* ReminderService.swift in Sources */,
				A55E66F7718293A4B5C6D7E8 /* TripPhotoStore.swift in Sources */,
				C7EDE5869A2C8B79F76C5B8F /* AppLink.swift in Sources */,
				2AF8052EC059953BDC12E456 /* DateFormatting.swift in Sources */,
				B3E04C773E8585874124D67B /* FeedbackHelper.swift in Sources */,
				A8F3C21D9E4B7A1C6D0F8821 /* KeyboardDismiss.swift in Sources */,
				AE7F88193A4B5C6D7E8F9A01 /* PlainAmount.swift in Sources */,
				5E91084C53FB35269BA16B8D /* ContentView.swift in Sources */,
				84C2C140490ED42FD064E1D7 /* AddDestinationSheet.swift in Sources */,
				458AF8B6B7E148A4F35E8FA4 /* DestinationDetailView.swift in Sources */,
				DDC4694B8807A9D2F3E7D7B3 /* PackingOrganizerView.swift in Sources */,
				A1B26E62040C085FD3119A4D /* PhraseTranslatorView.swift in Sources */,
				A99F002A4B5C6D7E8F9A0B12 /* RouletteSheet.swift in Sources */,
				9E93B3847D059F25E85EE665 /* TravelBucketView.swift in Sources */,
				BD0A852DF7F77A85252CAB36 /* MainTabView.swift in Sources */,
				5056678F0129E6D1E34EF0D5 /* OnboardingView.swift in Sources */,
				B9C4C48F214F8594FA517FA2 /* SettingsView.swift in Sources */,
				D89CC8601AE0A711A04A3307 /* StatsView.swift in Sources */,
				288A8D7E8EA0653B23480171 /* CalendarGateEvaluator.swift in Sources */,
				CC1A9991E1B8E067A9438276 /* DeferredLaunchCanvas.swift in Sources */,
				F57542903298604F1F873334 /* LaunchDestination.swift in Sources */,
				11433605F9DFB723A4275C36 /* LaunchFlowResolver.swift in Sources */,
				B9DF833FE94739F272A3D0CD /* LaunchFlowSecrets.swift in Sources */,
				E3314E7C3E8ACF020494AB10 /* LaunchSessionStore.swift in Sources */,
				FFB4CEC26A0FC79596D0AD25 /* LaunchStagingState.swift in Sources */,
				65F0433C7EF4900D53E7D346 /* RemoteEntryProbe.swift in Sources */,
				4517E3F7F5DB9B819141800F /* RemoteEntryURLComposer.swift in Sources */,
				64C9F21911A3D32BBA9DC101 /* RootWindowPresenter.swift in Sources */,
				D1BB1D07E26873707536F42F /* WebDocumentSurfaceView.swift in Sources */,
			);
			runOnlyForDeploymentPostprocessing = 0;
		};
/* End PBXSourcesBuildPhase section */

/* Begin XCBuildConfiguration section */
		0DDF958F50F5D47D77AAFB12 /* Debug */ = {
			isa = XCBuildConfiguration;
			buildSettings = {
				ALWAYS_SEARCH_USER_PATHS = NO;
				CLANG_ANALYZER_NONNULL = YES;
				CLANG_ANALYZER_NUMBER_OBJECT_CONVERSION = YES_AGGRESSIVE;
				CLANG_CXX_LANGUAGE_STANDARD = "gnu++14";
				CLANG_CXX_LIBRARY = "libc++";
				CLANG_ENABLE_MODULES = YES;
				CLANG_ENABLE_OBJC_ARC = YES;
				CLANG_ENABLE_OBJC_WEAK = YES;
				CLANG_WARN_BLOCK_CAPTURE_AUTORELEASING = YES;
				CLANG_WARN_BOOL_CONVERSION = YES;
				CLANG_WARN_COMMA = YES;
				CLANG_WARN_CONSTANT_CONVERSION = YES;
				CLANG_WARN_DEPRECATED_OBJC_IMPLEMENTATIONS = YES;
				CLANG_WARN_DIRECT_OBJC_ISA_USAGE = YES_ERROR;
				CLANG_WARN_DOCUMENTATION_COMMENTS = YES;
				CLANG_WARN_EMPTY_BODY = YES;
				CLANG_WARN_ENUM_CONVERSION = YES;
				CLANG_WARN_INFINITE_RECURSION = YES;
				CLANG_WARN_INT_CONVERSION = YES;
				CLANG_WARN_NON_LITERAL_NULL_CONVERSION = YES;
				CLANG_WARN_OBJC_IMPLICIT_RETAIN_SELF = YES;
				CLANG_WARN_OBJC_LITERAL_CONVERSION = YES;
				CLANG_WARN_OBJC_ROOT_CLASS = YES_ERROR;
				CLANG_WARN_QUOTED_INCLUDE_IN_FRAMEWORK_HEADER = YES;
				CLANG_WARN_RANGE_LOOP_ANALYSIS = YES;
				CLANG_WARN_STRICT_PROTOTYPES = YES;
				CLANG_WARN_SUSPICIOUS_MOVE = YES;
				CLANG_WARN_UNGUARDED_AVAILABILITY = YES_AGGRESSIVE;
				CLANG_WARN_UNREACHABLE_CODE = YES;
				CLANG_WARN__DUPLICATE_METHOD_MATCH = YES;
				COPY_PHASE_STRIP = NO;
				DEAD_CODE_STRIPPING = YES;
				DEBUG_INFORMATION_FORMAT = dwarf;
				ENABLE_STRICT_OBJC_MSGSEND = YES;
				ENABLE_TESTABILITY = YES;
				ENABLE_USER_SCRIPT_SANDBOXING = YES;
				GCC_C_LANGUAGE_STANDARD = gnu11;
				GCC_DYNAMIC_NO_PIC = NO;
				GCC_NO_COMMON_BLOCKS = YES;
				GCC_OPTIMIZATION_LEVEL = 0;
				GCC_PREPROCESSOR_DEFINITIONS = (
					"DEBUG=1",
					"$(inherited)",
				);
				GCC_WARN_64_TO_32_BIT_CONVERSION = YES;
				GCC_WARN_ABOUT_RETURN_TYPE = YES_ERROR;
				GCC_WARN_UNDECLARED_SELECTOR = YES;
				GCC_WARN_UNINITIALIZED_AUTOS = YES_AGGRESSIVE;
				GCC_WARN_UNUSED_FUNCTION = YES;
				GCC_WARN_UNUSED_VARIABLE = YES;
				IPHONEOS_DEPLOYMENT_TARGET = 16.0;
				MTL_ENABLE_DEBUG_INFO = INCLUDE_SOURCE;
				MTL_FAST_MATH = YES;
				ONLY_ACTIVE_ARCH = YES;
				PRODUCT_NAME = "$(TARGET_NAME)";
				STRING_CATALOG_GENERATE_SYMBOLS = YES;
				SUPPORTS_MACCATALYST = NO;
				SUPPORTS_MAC_DESIGNED_FOR_IPHONE_IPAD = NO;
				SUPPORTS_XR_DESIGNED_FOR_IPHONE_IPAD = NO;
				SWIFT_ACTIVE_COMPILATION_CONDITIONS = DEBUG;
				SWIFT_OPTIMIZATION_LEVEL = "-Onone";
				SWIFT_VERSION = 5.0;
				TARGETED_DEVICE_FAMILY = 1;
			};
			name = Debug;
		};
		3B309FBE760C175D74E60C65 /* Release */ = {
			isa = XCBuildConfiguration;
			baseConfigurationReference = D2D26798F39EECA228CE49EE /* Pods-314WanderlinJourneyGuide.release.xcconfig */;
			buildSettings = {
				ASSETCATALOG_COMPILER_APPICON_NAME = AppIcon;
				ASSETCATALOG_COMPILER_GLOBAL_ACCENT_COLOR_NAME = AccentColor;
				CLANG_ENABLE_OBJC_WEAK = NO;
				CODE_SIGN_STYLE = Automatic;
				CURRENT_PROJECT_VERSION = 1;
				DEVELOPMENT_TEAM = "";
				ENABLE_PREVIEWS = YES;
				GENERATE_INFOPLIST_FILE = NO;
				INFOPLIST_FILE = 314WanderlinJourneyGuide/Info.plist;
				INFOPLIST_KEY_CFBundleDisplayName = "Wanderlin Journey Guide";
				IPHONEOS_DEPLOYMENT_TARGET = 16.0;
				LD_RUNPATH_SEARCH_PATHS = (
					"$(inherited)",
					"@executable_path/Frameworks",
				);
				MARKETING_VERSION = 1.1;
				PRODUCT_BUNDLE_IDENTIFIER = com.uhr.w8nd7rl1nj09rn7yg78d2;
				SDKROOT = iphoneos;
				SUPPORTS_MACCATALYST = NO;
				SUPPORTS_MAC_DESIGNED_FOR_IPHONE_IPAD = NO;
				SUPPORTS_XR_DESIGNED_FOR_IPHONE_IPAD = NO;
				SWIFT_VERSION = 5.0;
				TARGETED_DEVICE_FAMILY = 1;
				VALIDATE_PRODUCT = YES;
			};
			name = Release;
		};
		742D93F3C4D2256579EAFD36 /* Debug */ = {
			isa = XCBuildConfiguration;
			baseConfigurationReference = 77A949FCD0A2C980FB6933EF /* Pods-314WanderlinJourneyGuide.debug.xcconfig */;
			buildSettings = {
				ASSETCATALOG_COMPILER_APPICON_NAME = AppIcon;
				ASSETCATALOG_COMPILER_GLOBAL_ACCENT_COLOR_NAME = AccentColor;
				CLANG_ENABLE_OBJC_WEAK = NO;
				CODE_SIGN_STYLE = Automatic;
				CURRENT_PROJECT_VERSION = 1;
				DEVELOPMENT_TEAM = "";
				ENABLE_PREVIEWS = YES;
				GENERATE_INFOPLIST_FILE = NO;
				INFOPLIST_FILE = 314WanderlinJourneyGuide/Info.plist;
				INFOPLIST_KEY_CFBundleDisplayName = "Wanderlin Journey Guide";
				IPHONEOS_DEPLOYMENT_TARGET = 16.0;
				LD_RUNPATH_SEARCH_PATHS = (
					"$(inherited)",
					"@executable_path/Frameworks",
				);
				MARKETING_VERSION = 1.1;
				PRODUCT_BUNDLE_IDENTIFIER = com.uhr.w8nd7rl1nj09rn7yg78d2;
				SDKROOT = iphoneos;
				SUPPORTS_MACCATALYST = NO;
				SUPPORTS_MAC_DESIGNED_FOR_IPHONE_IPAD = NO;
				SUPPORTS_XR_DESIGNED_FOR_IPHONE_IPAD = NO;
				SWIFT_VERSION = 5.0;
				TARGETED_DEVICE_FAMILY = 1;
			};
			name = Debug;
		};
		D3034737F14C0B9C89A635BA /* Release */ = {
			isa = XCBuildConfiguration;
			buildSettings = {
				ALWAYS_SEARCH_USER_PATHS = NO;
				CLANG_ANALYZER_NONNULL = YES;
				CLANG_ANALYZER_NUMBER_OBJECT_CONVERSION = YES_AGGRESSIVE;
				CLANG_CXX_LANGUAGE_STANDARD = "gnu++14";
				CLANG_CXX_LIBRARY = "libc++";
				CLANG_ENABLE_MODULES = YES;
				CLANG_ENABLE_OBJC_ARC = YES;
				CLANG_ENABLE_OBJC_WEAK = YES;
				CLANG_WARN_BLOCK_CAPTURE_AUTORELEASING = YES;
				CLANG_WARN_BOOL_CONVERSION = YES;
				CLANG_WARN_COMMA = YES;
				CLANG_WARN_CONSTANT_CONVERSION = YES;
				CLANG_WARN_DEPRECATED_OBJC_IMPLEMENTATIONS = YES;
				CLANG_WARN_DIRECT_OBJC_ISA_USAGE = YES_ERROR;
				CLANG_WARN_DOCUMENTATION_COMMENTS = YES;
				CLANG_WARN_EMPTY_BODY = YES;
				CLANG_WARN_ENUM_CONVERSION = YES;
				CLANG_WARN_INFINITE_RECURSION = YES;
				CLANG_WARN_INT_CONVERSION = YES;
				CLANG_WARN_NON_LITERAL_NULL_CONVERSION = YES;
				CLANG_WARN_OBJC_IMPLICIT_RETAIN_SELF = YES;
				CLANG_WARN_OBJC_LITERAL_CONVERSION = YES;
				CLANG_WARN_OBJC_ROOT_CLASS = YES_ERROR;
				CLANG_WARN_QUOTED_INCLUDE_IN_FRAMEWORK_HEADER = YES;
				CLANG_WARN_RANGE_LOOP_ANALYSIS = YES;
				CLANG_WARN_STRICT_PROTOTYPES = YES;
				CLANG_WARN_SUSPICIOUS_MOVE = YES;
				CLANG_WARN_UNGUARDED_AVAILABILITY = YES_AGGRESSIVE;
				CLANG_WARN_UNREACHABLE_CODE = YES;
				CLANG_WARN__DUPLICATE_METHOD_MATCH = YES;
				COPY_PHASE_STRIP = NO;
				DEAD_CODE_STRIPPING = YES;
				DEBUG_INFORMATION_FORMAT = "dwarf-with-dsym";
				ENABLE_NS_ASSERTIONS = NO;
				ENABLE_STRICT_OBJC_MSGSEND = YES;
				ENABLE_USER_SCRIPT_SANDBOXING = YES;
				GCC_C_LANGUAGE_STANDARD = gnu11;
				GCC_NO_COMMON_BLOCKS = YES;
				GCC_WARN_64_TO_32_BIT_CONVERSION = YES;
				GCC_WARN_ABOUT_RETURN_TYPE = YES_ERROR;
				GCC_WARN_UNDECLARED_SELECTOR = YES;
				GCC_WARN_UNINITIALIZED_AUTOS = YES_AGGRESSIVE;
				GCC_WARN_UNUSED_FUNCTION = YES;
				GCC_WARN_UNUSED_VARIABLE = YES;
				IPHONEOS_DEPLOYMENT_TARGET = 16.0;
				MTL_ENABLE_DEBUG_INFO = NO;
				MTL_FAST_MATH = YES;
				PRODUCT_NAME = "$(TARGET_NAME)";
				STRING_CATALOG_GENERATE_SYMBOLS = YES;
				SUPPORTS_MACCATALYST = NO;
				SUPPORTS_MAC_DESIGNED_FOR_IPHONE_IPAD = NO;
				SUPPORTS_XR_DESIGNED_FOR_IPHONE_IPAD = NO;
				SWIFT_COMPILATION_MODE = wholemodule;
				SWIFT_OPTIMIZATION_LEVEL = "-O";
				SWIFT_VERSION = 5.0;
				TARGETED_DEVICE_FAMILY = 1;
			};
			name = Release;
		};
/* End XCBuildConfiguration section */

/* Begin XCConfigurationList section */
		04D71ABFFB1E00ED106418AE /* Build configuration list for PBXProject "314WanderlinJourneyGuide" */ = {
			isa = XCConfigurationList;
			buildConfigurations = (
				0DDF958F50F5D47D77AAFB12 /* Debug */,
				D3034737F14C0B9C89A635BA /* Release */,
			);
			defaultConfigurationIsVisible = 0;
			defaultConfigurationName = Release;
		};
		A164F51710A496221E7BDDCD /* Build configuration list for PBXNativeTarget "314WanderlinJourneyGuide" */ = {
			isa = XCConfigurationList;
			buildConfigurations = (
				3B309FBE760C175D74E60C65 /* Release */,
				742D93F3C4D2256579EAFD36 /* Debug */,
			);
			defaultConfigurationIsVisible = 0;
			defaultConfigurationName = Release;
		};
/* End XCConfigurationList section */
	};
	rootObject = F4662A766134B26D309EE5A1 /* Project object */;
}
